
Microsoft Visual Studio Solution File, Format Version 12.00
# Visual Studio Version 17
VisualStudioVersion = 17.5.33627.172
MinimumVisualStudioVersion = 10.0.40219.1
Project("{8BC9CEB8-8B4A-11D0-8D11-00A0C91BC942}") = "Sandbox", "SandboxApp\Sandbox.vcxproj", "{4D572CC8-472B-4CD7-A913-528831E0EB13}"
EndProject
Project("{8BC9CEB8-8B4A-11D0-8D11-00A0C91BC942}") = "YorkieEngine", "..\YorkieEngineGitTest\YorkieEngine\YorkieEngine.vcxproj", "{01F5846E-FF97-328C-AF1E-F0BA0369C151}"
EndProject
Global
	GlobalSection(SolutionConfigurationPlatforms) = preSolution
		Debug|x64 = Debug|x64
		Debug|x86 = Debug|x86
		MinSizeRel|x64 = MinSizeRel|x64
		MinSizeRel|x86 = MinSizeRel|x86
		Release|x64 = Release|x64
		Release|x86 = Release|x86
		RelWithDebInfo|x64 = RelWithDebInfo|x64
		RelWithDebInfo|x86 = RelWithDebInfo|x86
	EndGlobalSection
	GlobalSection(ProjectConfigurationPlatforms) = postSolution
		{4D572CC8-472B-4CD7-A913-528831E0EB13}.Debug|x64.ActiveCfg = Debug|x64
		{4D572CC8-472B-4CD7-A913-528831E0EB13}.Debug|x64.Build.0 = Debug|x64
		{4D572CC8-472B-4CD7-A913-528831E0EB13}.Debug|x86.ActiveCfg = Debug|Win32
		{4D572CC8-472B-4CD7-A913-528831E0EB13}.Debug|x86.Build.0 = Debug|Win32
		{4D572CC8-472B-4CD7-A913-528831E0EB13}.MinSizeRel|x64.ActiveCfg = Release|x64
		{4D572CC8-472B-4CD7-A913-528831E0EB13}.MinSizeRel|x64.Build.0 = Release|x64
		{4D572CC8-472B-4CD7-A913-528831E0EB13}.MinSizeRel|x86.ActiveCfg = Release|Win32
		{4D572CC8-472B-4CD7-A913-528831E0EB13}.MinSizeRel|x86.Build.0 = Release|Win32
		{4D572CC8-472B-4CD7-A913-528831E0EB13}.Release|x64.ActiveCfg = Release|x64
		{4D572CC8-472B-4CD7-A913-528831E0EB13}.Release|x64.Build.0 = Release|x64
		{4D572CC8-472B-4CD7-A913-528831E0EB13}.Release|x86.ActiveCfg = Release|Win32
		{4D572CC8-472B-4CD7-A913-528831E0EB13}.Release|x86.Build.0 = Release|Win32
		{4D572CC8-472B-4CD7-A913-528831E0EB13}.RelWithDebInfo|x64.ActiveCfg = Release|x64
		{4D572CC8-472B-4CD7-A913-528831E0EB13}.RelWithDebInfo|x64.Build.0 = Release|x64
		{4D572CC8-472B-4CD7-A913-528831E0EB13}.RelWithDebInfo|x86.ActiveCfg = Release|Win32
		{4D572CC8-472B-4CD7-A913-528831E0EB13}.RelWithDebInfo|x86.Build.0 = Release|Win32
		{01F5846E-FF97-328C-AF1E-F0BA0369C151}.Debug|x64.ActiveCfg = Debug|x64
		{01F5846E-FF97-328C-AF1E-F0BA0369C151}.Debug|x64.Build.0 = Debug|x64
		{01F5846E-FF97-328C-AF1E-F0BA0369C151}.Debug|x86.ActiveCfg = Debug|x64
		{01F5846E-FF97-328C-AF1E-F0BA0369C151}.Debug|x86.Build.0 = Debug|x64
		{01F5846E-FF97-328C-AF1E-F0BA0369C151}.MinSizeRel|x64.ActiveCfg = MinSizeRel|x64
		{01F5846E-FF97-328C-AF1E-F0BA0369C151}.MinSizeRel|x64.Build.0 = MinSizeRel|x64
		{01F5846E-FF97-328C-AF1E-F0BA0369C151}.MinSizeRel|x86.ActiveCfg = MinSizeRel|x64
		{01F5846E-FF97-328C-AF1E-F0BA0369C151}.MinSizeRel|x86.Build.0 = MinSizeRel|x64
		{01F5846E-FF97-328C-AF1E-F0BA0369C151}.Release|x64.ActiveCfg = Release|x64
		{01F5846E-FF97-328C-AF1E-F0BA0369C151}.Release|x64.Build.0 = Release|x64
		{01F5846E-FF97-328C-AF1E-F0BA0369C151}.Release|x86.ActiveCfg = Release|x64
		{01F5846E-FF97-328C-AF1E-F0BA0369C151}.Release|x86.Build.0 = Release|x64
		{01F5846E-FF97-328C-AF1E-F0BA0369C151}.RelWithDebInfo|x64.ActiveCfg = RelWithDebInfo|x64
		{01F5846E-FF97-328C-AF1E-F0BA0369C151}.RelWithDebInfo|x64.Build.0 = RelWithDebInfo|x64
		{01F5846E-FF97-328C-AF1E-F0BA0369C151}.RelWithDebInfo|x86.ActiveCfg = RelWithDebInfo|x64
		{01F5846E-FF97-328C-AF1E-F0BA0369C151}.RelWithDebInfo|x86.Build.0 = RelWithDebInfo|x64
	EndGlobalSection
	GlobalSection(SolutionProperties) = preSolution
		HideSolutionNode = FALSE
	EndGlobalSection
	GlobalSection(ExtensibilityGlobals) = postSolution
		SolutionGuid = {30876CD9-8E68-4C72-A36C-6266B8030329}
	EndGlobalSection
EndGlobal
